
Microsoft Visual Studio Solution File, Format Version 12.00
# Visual Studio 15
VisualStudioVersion = 15.0.26124.0
MinimumVisualStudioVersion = 15.0.26124.0
Project("{2150E333-8FDC-42A3-9474-1A3956D46DE8}") = "src", "src", "{EABB8DD4-5F09-45AD-AE49-8EC6F249D5F9}"
EndProject
Project("{FAE04EC0-301F-11D3-BF4B-00C04F79EFBC}") = "PalTracker", "src\PalTracker\PalTracker.csproj", "{7767A20C-5105-488B-8CFE-65AB9A5F7002}"
EndProject
Project("{2150E333-8FDC-42A3-9474-1A3956D46DE8}") = "test", "test", "{8DE39E30-427D-4F23-9AE0-552951DFA533}"
EndProject
Project("{FAE04EC0-301F-11D3-BF4B-00C04F79EFBC}") = "PalTrackerTests", "test\PalTrackerTests\PalTrackerTests.csproj", "{AEA4E718-EA39-47C6-981D-F47584C4CE4C}"
EndProject
Global
	GlobalSection(SolutionConfigurationPlatforms) = preSolution
		Debug|Any CPU = Debug|Any CPU
		Debug|x64 = Debug|x64
		Debug|x86 = Debug|x86
		Release|Any CPU = Release|Any CPU
		Release|x64 = Release|x64
		Release|x86 = Release|x86
	EndGlobalSection
	GlobalSection(SolutionProperties) = preSolution
		HideSolutionNode = FALSE
	EndGlobalSection
	GlobalSection(ProjectConfigurationPlatforms) = postSolution
		{7767A20C-5105-488B-8CFE-65AB9A5F7002}.Debug|Any CPU.ActiveCfg = Debug|Any CPU
		{7767A20C-5105-488B-8CFE-65AB9A5F7002}.Debug|Any CPU.Build.0 = Debug|Any CPU
		{7767A20C-5105-488B-8CFE-65AB9A5F7002}.Debug|x64.ActiveCfg = Debug|Any CPU
		{7767A20C-5105-488B-8CFE-65AB9A5F7002}.Debug|x64.Build.0 = Debug|Any CPU
		{7767A20C-5105-488B-8CFE-65AB9A5F7002}.Debug|x86.ActiveCfg = Debug|Any CPU
		{7767A20C-5105-488B-8CFE-65AB9A5F7002}.Debug|x86.Build.0 = Debug|Any CPU
		{7767A20C-5105-488B-8CFE-65AB9A5F7002}.Release|Any CPU.ActiveCfg = Release|Any CPU
		{7767A20C-5105-488B-8CFE-65AB9A5F7002}.Release|Any CPU.Build.0 = Release|Any CPU
		{7767A20C-5105-488B-8CFE-65AB9A5F7002}.Release|x64.ActiveCfg = Release|Any CPU
		{7767A20C-5105-488B-8CFE-65AB9A5F7002}.Release|x64.Build.0 = Release|Any CPU
		{7767A20C-5105-488B-8CFE-65AB9A5F7002}.Release|x86.ActiveCfg = Release|Any CPU
		{7767A20C-5105-488B-8CFE-65AB9A5F7002}.Release|x86.Build.0 = Release|Any CPU
		{AEA4E718-EA39-47C6-981D-F47584C4CE4C}.Debug|Any CPU.ActiveCfg = Debug|Any CPU
		{AEA4E718-EA39-47C6-981D-F47584C4CE4C}.Debug|Any CPU.Build.0 = Debug|Any CPU
		{AEA4E718-EA39-47C6-981D-F47584C4CE4C}.Debug|x64.ActiveCfg = Debug|Any CPU
		{AEA4E718-EA39-47C6-981D-F47584C4CE4C}.Debug|x64.Build.0 = Debug|Any CPU
		{AEA4E718-EA39-47C6-981D-F47584C4CE4C}.Debug|x86.ActiveCfg = Debug|Any CPU
		{AEA4E718-EA39-47C6-981D-F47584C4CE4C}.Debug|x86.Build.0 = Debug|Any CPU
		{AEA4E718-EA39-47C6-981D-F47584C4CE4C}.Release|Any CPU.ActiveCfg = Release|Any CPU
		{AEA4E718-EA39-47C6-981D-F47584C4CE4C}.Release|Any CPU.Build.0 = Release|Any CPU
		{AEA4E718-EA39-47C6-981D-F47584C4CE4C}.Release|x64.ActiveCfg = Release|Any CPU
		{AEA4E718-EA39-47C6-981D-F47584C4CE4C}.Release|x64.Build.0 = Release|Any CPU
		{AEA4E718-EA39-47C6-981D-F47584C4CE4C}.Release|x86.ActiveCfg = Release|Any CPU
		{AEA4E718-EA39-47C6-981D-F47584C4CE4C}.Release|x86.Build.0 = Release|Any CPU
	EndGlobalSection
	GlobalSection(NestedProjects) = preSolution
		{7767A20C-5105-488B-8CFE-65AB9A5F7002} = {EABB8DD4-5F09-45AD-AE49-8EC6F249D5F9}
		{AEA4E718-EA39-47C6-981D-F47584C4CE4C} = {8DE39E30-427D-4F23-9AE0-552951DFA533}
	EndGlobalSection
EndGlobal
